
Microsoft Visual Studio Solution File, Format Version 12.00
# Visual Studio Version 16
VisualStudioVersion = 16.0.31605.320
MinimumVisualStudioVersion = 10.0.40219.1
Project("{FAE04EC0-301F-11D3-BF4B-00C04F79EFBC}") = "SignUp Using Database", "SignUp Using Database\SignUp Using Database.csproj", "{FD4701E2-372B-4D9A-83F7-C0D62DFD2F1D}"
EndProject
Global
	GlobalSection(SolutionConfigurationPlatforms) = preSolution
		Debug|Any CPU = Debug|Any CPU
		Release|Any CPU = Release|Any CPU
	EndGlobalSection
	GlobalSection(ProjectConfigurationPlatforms) = postSolution
		{FD4701E2-372B-4D9A-83F7-C0D62DFD2F1D}.Debug|Any CPU.ActiveCfg = Debug|Any CPU
		{FD4701E2-372B-4D9A-83F7-C0D62DFD2F1D}.Debug|Any CPU.Build.0 = Debug|Any CPU
		{FD4701E2-372B-4D9A-83F7-C0D62DFD2F1D}.Release|Any CPU.ActiveCfg = Release|Any CPU
		{FD4701E2-372B-4D9A-83F7-C0D62DFD2F1D}.Release|Any CPU.Build.0 = Release|Any CPU
	EndGlobalSection
	GlobalSection(SolutionProperties) = preSolution
		HideSolutionNode = FALSE
	EndGlobalSection
	GlobalSection(ExtensibilityGlobals) = postSolution
		SolutionGuid = {CBDFD55C-63AE-42AD-AC96-D078641CD5CD}
	EndGlobalSection
EndGlobal
